
Microsoft Visual Studio Solution File, Format Version 12.00
# Visual Studio Version 16
VisualStudioVersion = 16.0.31410.357
MinimumVisualStudioVersion = 10.0.40219.1
Project("{FAE04EC0-301F-11D3-BF4B-00C04F79EFBC}") = "GenericListClass", "GenericListClass\GenericListClass.csproj", "{013AD720-20BB-46C7-A311-4CFD85C8310A}"
EndProject
Global
	GlobalSection(SolutionConfigurationPlatforms) = preSolution
		Debug|Any CPU = Debug|Any CPU
		Release|Any CPU = Release|Any CPU
	EndGlobalSection
	GlobalSection(ProjectConfigurationPlatforms) = postSolution
		{013AD720-20BB-46C7-A311-4CFD85C8310A}.Debug|Any CPU.ActiveCfg = Debug|Any CPU
		{013AD720-20BB-46C7-A311-4CFD85C8310A}.Debug|Any CPU.Build.0 = Debug|Any CPU
		{013AD720-20BB-46C7-A311-4CFD85C8310A}.Release|Any CPU.ActiveCfg = Release|Any CPU
		{013AD720-20BB-46C7-A311-4CFD85C8310A}.Release|Any CPU.Build.0 = Release|Any CPU
	EndGlobalSection
	GlobalSection(SolutionProperties) = preSolution
		HideSolutionNode = FALSE
	EndGlobalSection
	GlobalSection(ExtensibilityGlobals) = postSolution
		SolutionGuid = {7A3FCAD5-484E-4806-8FBA-14F9EA53048D}
	EndGlobalSection
EndGlobal
